# This file is automatically @generated by Cargo.
# It is not intended for manual editing.
version = 4

[[package]]
name = "borrowing"
version = "0.1.0"

[[package]]
name = "control_flow"
version = "0.1.0"

[[package]]
name = "data_types"
version = "0.1.0"

[[package]]
name = "functions"
version = "0.1.0"

[[package]]
name = "ownership_intro"
version = "0.1.0"

[[package]]
name = "slice"
version = "0.1.0"

[[package]]
name = "variables"
version = "0.1.0"
